# This file is autogenerated, do not edit; changes may be undone by the next 'dep ensure'.


[[projects]]
  name = "github.com/aws/aws-lambda-go"
  packages = [
    "events",
    "lambda",
    "lambda/messages",
    "lambdacontext"
  ]
  revision = "4d30d0ff60440c2d0480a15747c96ee71c3c53d4"
  version = "v1.2.0"

[[projects]]
  name = "github.com/jung-kurt/gofpdf"
  packages = ["."]
  revision = "0298ebb7bb539ad17daadce86bedbdfd56c2bcd4"

[solve-meta]
  analyzer-name = "dep"
  analyzer-version = 1
  inputs-digest = "fefd10ea58aedd465f781a1fcd4bf66a2ce0503b929fa2e2ce8ee716e6e89000"
  solver-name = "gps-cdcl"
  solver-version = 1
